PODS:
  - Bolts (1.8.4):
    - Bolts/AppLinks (= 1.8.4)
    - Bolts/Tasks (= 1.8.4)
  - Bolts/AppLinks (1.8.4):
    - Bolts/Tasks
  - Bolts/Tasks (1.8.4)
  - Facebook-iOS-SDK (3.24.4):
    - Bolts (~> 1.2)
  - Parse (1.14.2):
    - Bolts/Tasks (~> 1.8)
  - ParseFacebookUtils (1.10.0):
    - Bolts/Tasks (~> 1.5)
    - Facebook-iOS-SDK (~> 3.24)
    - Parse (~> 1.9)

DEPENDENCIES:
  - Parse
  - ParseFacebookUtils

SPEC CHECKSUMS:
  Bolts: 8a7995239dbe724f9cba2248b766d48b7ebdd322
  Facebook-iOS-SDK: 5a7c414a084708220b72d5fd016f2cf3eb6deda4
  Parse: 4335d65f40cb3d43190d723144bbe1afb9c38230
  ParseFacebookUtils: 7030f53c989fda36ad50029d90edec1327424317

PODFILE CHECKSUM: 14449807eb5bdd94453c4be1e06cb596f0ea1def

COCOAPODS: 1.0.1
