PODS:
  - Bolts (1.8.4):
    - Bolts/AppLinks (= 1.8.4)
    - Bolts/Tasks (= 1.8.4)
  - Bolts/AppLinks (1.8.4):
    - Bolts/Tasks
  - Bolts/Tasks (1.8.4)
  - Facebook-iOS-SDK (3.24.4):
    - Bolts (~> 1.2)
  - Former (1.5.0)
  - Parse (1.14.2):
    - Bolts/Tasks (~> 1.8)
  - ParseFacebookUtils (1.10.0):
    - Bolts/Tasks (~> 1.5)
    - Facebook-iOS-SDK (~> 3.24)
    - Parse (~> 1.9)
  - SCLAlertView (0.7.0)
  - SwiftHEXColors (1.0.4)

DEPENDENCIES:
  - Former
  - Parse
  - ParseFacebookUtils
  - SCLAlertView
  - SwiftHEXColors

SPEC CHECKSUMS:
  Bolts: 8a7995239dbe724f9cba2248b766d48b7ebdd322
  Facebook-iOS-SDK: 5a7c414a084708220b72d5fd016f2cf3eb6deda4
  Former: 8f9f41e51eceb75e47b4275147795ec477b121ec
  Parse: 4335d65f40cb3d43190d723144bbe1afb9c38230
  ParseFacebookUtils: 7030f53c989fda36ad50029d90edec1327424317
  SCLAlertView: 8a14ffc40590c619e183eed2298b854385f30be1
  SwiftHEXColors: b0ecc7bd83a1aa2e1956f9ba51f55ebb2bcf86ef

PODFILE CHECKSUM: 820dff8a2a131677bd1a8d79bf8160e65c9ac725

COCOAPODS: 1.0.1
