// !$*UTF8*$!
{
	archiveVersion = 1;
	classes = {
	};
	objectVersion = 46;
	objects = {

/* Begin PBXBuildFile section */
		09D17186BD4A47E38F8C39DC /* Pods_Libero.framework in Frameworks */ = {isa = PBXBuildFile; fileRef = D702992B2605FE60DDE35031 /* Pods_Libero.framework */; };
		52268AD61D9F0C2D0005C759 /* AppDelegate.swift in Sources */ = {isa = PBXBuildFile; fileRef = 52268AD51D9F0C2D0005C759 /* AppDelegate.swift */; };
		52268AD81D9F0C2D0005C759 /* ViewController.swift in Sources */ = {isa = PBXBuildFile; fileRef = 52268AD71D9F0C2D0005C759 /* ViewController.swift */; };
		52268ADB1D9F0C2D0005C759 /* Main.storyboard in Resources */ = {isa = PBXBuildFile; fileRef = 52268AD91D9F0C2D0005C759 /* Main.storyboard */; };
		52268ADD1D9F0C2D0005C759 /* Assets.xcassets in Resources */ = {isa = PBXBuildFile; fileRef = 52268ADC1D9F0C2D0005C759 /* Assets.xcassets */; };
		522840351DC14D570062EE55 /* LeaderBoard.swift in Sources */ = {isa = PBXBuildFile; fileRef = 522840341DC14D570062EE55 /* LeaderBoard.swift */; };
		522840371DC171220062EE55 /* LocationManager.swift in Sources */ = {isa = PBXBuildFile; fileRef = 522840361DC171220062EE55 /* LocationManager.swift */; };
		52344B2E1DB576F200A4BE22 /* League.swift in Sources */ = {isa = PBXBuildFile; fileRef = 52344B2D1DB576F200A4BE22 /* League.swift */; };
		52344B301DB578F800A4BE22 /* GeneralEnumsAndFuncs.swift in Sources */ = {isa = PBXBuildFile; fileRef = 52344B2F1DB578F800A4BE22 /* GeneralEnumsAndFuncs.swift */; };
		525CB9F81DAEF3810050C9D2 /* Bolts.framework in Frameworks */ = {isa = PBXBuildFile; fileRef = 525CB9F61DAEF3810050C9D2 /* Bolts.framework */; };
		525CB9F91DAEF3810050C9D2 /* Parse.framework in Frameworks */ = {isa = PBXBuildFile; fileRef = 525CB9F71DAEF3810050C9D2 /* Parse.framework */; };
		525CBA081DAEF39D0050C9D2 /* AccountKit.framework in Frameworks */ = {isa = PBXBuildFile; fileRef = 525CB9FA1DAEF39D0050C9D2 /* AccountKit.framework */; };
		525CBA091DAEF39D0050C9D2 /* AccountKitStrings.bundle in Resources */ = {isa = PBXBuildFile; fileRef = 525CB9FB1DAEF39D0050C9D2 /* AccountKitStrings.bundle */; };
		525CBA0A1DAEF39D0050C9D2 /* Bolts.framework in Frameworks */ = {isa = PBXBuildFile; fileRef = 525CB9FC1DAEF39D0050C9D2 /* Bolts.framework */; };
		525CBA0B1DAEF39D0050C9D2 /* DocSets in Resources */ = {isa = PBXBuildFile; fileRef = 525CB9FD1DAEF39D0050C9D2 /* DocSets */; };
		525CBA0C1DAEF39D0050C9D2 /* FacebookSDKStrings.bundle in Resources */ = {isa = PBXBuildFile; fileRef = 525CB9FE1DAEF39D0050C9D2 /* FacebookSDKStrings.bundle */; };
		525CBA0D1DAEF39D0050C9D2 /* FBAudienceNetwork.framework in Frameworks */ = {isa = PBXBuildFile; fileRef = 525CB9FF1DAEF39D0050C9D2 /* FBAudienceNetwork.framework */; };
		525CBA0E1DAEF39D0050C9D2 /* FBNotifications.framework in Frameworks */ = {isa = PBXBuildFile; fileRef = 525CBA001DAEF39D0050C9D2 /* FBNotifications.framework */; };
		525CBA0F1DAEF39D0050C9D2 /* FBSDKCoreKit.framework in Frameworks */ = {isa = PBXBuildFile; fileRef = 525CBA011DAEF39D0050C9D2 /* FBSDKCoreKit.framework */; };
		525CBA101DAEF39D0050C9D2 /* FBSDKLoginKit.framework in Frameworks */ = {isa = PBXBuildFile; fileRef = 525CBA021DAEF39D0050C9D2 /* FBSDKLoginKit.framework */; };
		525CBA111DAEF39E0050C9D2 /* FBSDKMessengerShareKit.framework in Frameworks */ = {isa = PBXBuildFile; fileRef = 525CBA031DAEF39D0050C9D2 /* FBSDKMessengerShareKit.framework */; };
		525CBA121DAEF39E0050C9D2 /* FBSDKShareKit.framework in Frameworks */ = {isa = PBXBuildFile; fileRef = 525CBA041DAEF39D0050C9D2 /* FBSDKShareKit.framework */; };
		525CBA131DAEF39E0050C9D2 /* LICENSE.txt in Resources */ = {isa = PBXBuildFile; fileRef = 525CBA051DAEF39D0050C9D2 /* LICENSE.txt */; };
		525CBA141DAEF39E0050C9D2 /* README.txt in Resources */ = {isa = PBXBuildFile; fileRef = 525CBA061DAEF39D0050C9D2 /* README.txt */; };
		525CBA151DAEF39E0050C9D2 /* Samples in Resources */ = {isa = PBXBuildFile; fileRef = 525CBA071DAEF39D0050C9D2 /* Samples */; };
		529317A61DBFEA72001C99A9 /* SCLAlertView.framework in Frameworks */ = {isa = PBXBuildFile; fileRef = 529317A51DBFEA72001C99A9 /* SCLAlertView.framework */; };
		52AC8E1A1DB1A76500A5AA52 /* User.swift in Sources */ = {isa = PBXBuildFile; fileRef = 52AC8E191DB1A76500A5AA52 /* User.swift */; };
		52AC8E2C1DB1B58500A5AA52 /* FacebookSDK.framework in Frameworks */ = {isa = PBXBuildFile; fileRef = 52AC8E2A1DB1B58500A5AA52 /* FacebookSDK.framework */; };
		52AC8E2D1DB1B58500A5AA52 /* ParseFacebookUtils.framework in Frameworks */ = {isa = PBXBuildFile; fileRef = 52AC8E2B1DB1B58500A5AA52 /* ParseFacebookUtils.framework */; };
		52CAE3D71DA183D300698CEE /* HealthKit.framework in Frameworks */ = {isa = PBXBuildFile; fileRef = 52CAE3D61DA183D300698CEE /* HealthKit.framework */; };
		52D6969A1DBD378B00E84007 /* GoogleService-Info.plist in Resources */ = {isa = PBXBuildFile; fileRef = 52D696991DBD378B00E84007 /* GoogleService-Info.plist */; };
		52E20C2E1DB40BF3004113E6 /* Workout.swift in Sources */ = {isa = PBXBuildFile; fileRef = 52E20C2D1DB40BF3004113E6 /* Workout.swift */; };
		52E20C301DB40C27004113E6 /* Achievement.swift in Sources */ = {isa = PBXBuildFile; fileRef = 52E20C2F1DB40C27004113E6 /* Achievement.swift */; };
		7C2C299E1DC664D70000C486 /* FriendsViewController.swift in Sources */ = {isa = PBXBuildFile; fileRef = 7C2C299D1DC664D70000C486 /* FriendsViewController.swift */; };
		7CB177441DBD403D00DA09AA /* LoginPageViewController.swift in Sources */ = {isa = PBXBuildFile; fileRef = 7CB177431DBD403D00DA09AA /* LoginPageViewController.swift */; };
		7CC214871DC6610300CFE9D3 /* RegistrationPageViewController.swift in Sources */ = {isa = PBXBuildFile; fileRef = 7CC214861DC6610300CFE9D3 /* RegistrationPageViewController.swift */; };
		7CDF75D31DBD28B80060F1AB /* Friends.storyboard in Resources */ = {isa = PBXBuildFile; fileRef = 7CDF75D11DBD28B80060F1AB /* Friends.storyboard */; };
		7CDF75D51DBD28C60060F1AB /* Profile.storyboard in Resources */ = {isa = PBXBuildFile; fileRef = 7CDF75D41DBD28C60060F1AB /* Profile.storyboard */; };
		7CDF75D81DBD29080060F1AB /* Workout.storyboard in Resources */ = {isa = PBXBuildFile; fileRef = 7CDF75D61DBD29080060F1AB /* Workout.storyboard */; };
		7CDF75DA1DBD291B0060F1AB /* Achievements.storyboard in Resources */ = {isa = PBXBuildFile; fileRef = 7CDF75D91DBD291B0060F1AB /* Achievements.storyboard */; };
		7CDF75DD1DBD29350060F1AB /* Leaderboard.storyboard in Resources */ = {isa = PBXBuildFile; fileRef = 7CDF75DB1DBD29350060F1AB /* Leaderboard.storyboard */; };
		7CDF75DF1DBD31850060F1AB /* Launch Screen.storyboard in Resources */ = {isa = PBXBuildFile; fileRef = 7CDF75DE1DBD31850060F1AB /* Launch Screen.storyboard */; };
/* End PBXBuildFile section */

/* Begin PBXFileReference section */
		4AF06CA1D49ACAE8C738F2A7 /* Pods-Libero.debug.xcconfig */ = {isa = PBXFileReference; includeInIndex = 1; lastKnownFileType = text.xcconfig; name = "Pods-Libero.debug.xcconfig"; path = "Pods/Target Support Files/Pods-Libero/Pods-Libero.debug.xcconfig"; sourceTree = "<group>"; };
		52268AD21D9F0C2D0005C759 /* Libero.app */ = {isa = PBXFileReference; explicitFileType = wrapper.application; includeInIndex = 0; path = Libero.app; sourceTree = BUILT_PRODUCTS_DIR; };
		52268AD51D9F0C2D0005C759 /* AppDelegate.swift */ = {isa = PBXFileReference; lastKnownFileType = sourcecode.swift; path = AppDelegate.swift; sourceTree = "<group>"; };
		52268AD71D9F0C2D0005C759 /* ViewController.swift */ = {isa = PBXFileReference; lastKnownFileType = sourcecode.swift; path = ViewController.swift; sourceTree = "<group>"; };
		52268ADA1D9F0C2D0005C759 /* Base */ = {isa = PBXFileReference; lastKnownFileType = file.storyboard; name = Base; path = Base.lproj/Main.storyboard; sourceTree = "<group>"; };
		52268ADC1D9F0C2D0005C759 /* Assets.xcassets */ = {isa = PBXFileReference; lastKnownFileType = folder.assetcatalog; path = Assets.xcassets; sourceTree = "<group>"; };
		52268AE11D9F0C2D0005C759 /* Info.plist */ = {isa = PBXFileReference; lastKnownFileType = text.plist.xml; path = Info.plist; sourceTree = "<group>"; };
		522840341DC14D570062EE55 /* LeaderBoard.swift */ = {isa = PBXFileReference; fileEncoding = 4; lastKnownFileType = sourcecode.swift; path = LeaderBoard.swift; sourceTree = "<group>"; };
		522840361DC171220062EE55 /* LocationManager.swift */ = {isa = PBXFileReference; fileEncoding = 4; lastKnownFileType = sourcecode.swift; path = LocationManager.swift; sourceTree = "<group>"; };
		52344B2D1DB576F200A4BE22 /* League.swift */ = {isa = PBXFileReference; fileEncoding = 4; lastKnownFileType = sourcecode.swift; path = League.swift; sourceTree = "<group>"; };
		52344B2F1DB578F800A4BE22 /* GeneralEnumsAndFuncs.swift */ = {isa = PBXFileReference; fileEncoding = 4; lastKnownFileType = sourcecode.swift; path = GeneralEnumsAndFuncs.swift; sourceTree = "<group>"; };
		525CB9F61DAEF3810050C9D2 /* Bolts.framework */ = {isa = PBXFileReference; lastKnownFileType = wrapper.framework; name = Bolts.framework; path = "../../../../Library/Developer/Xcode/DerivedData/Libero-gkjgmyjgieaomodiqcmyhfxsetxw/Build/Products/Debug-iphonesimulator/Bolts/Bolts.framework"; sourceTree = "<group>"; };
		525CB9F71DAEF3810050C9D2 /* Parse.framework */ = {isa = PBXFileReference; lastKnownFileType = wrapper.framework; name = Parse.framework; path = "../../../../Library/Developer/Xcode/DerivedData/Libero-gkjgmyjgieaomodiqcmyhfxsetxw/Build/Products/Debug-iphonesimulator/Parse/Parse.framework"; sourceTree = "<group>"; };
		525CB9FA1DAEF39D0050C9D2 /* AccountKit.framework */ = {isa = PBXFileReference; lastKnownFileType = wrapper.framework; name = AccountKit.framework; path = "FacebookSDKs-iOS-4/AccountKit.framework"; sourceTree = "<group>"; };
		525CB9FB1DAEF39D0050C9D2 /* AccountKitStrings.bundle */ = {isa = PBXFileReference; lastKnownFileType = "wrapper.plug-in"; name = AccountKitStrings.bundle; path = "FacebookSDKs-iOS-4/AccountKitStrings.bundle"; sourceTree = "<group>"; };
		525CB9FC1DAEF39D0050C9D2 /* Bolts.framework */ = {isa = PBXFileReference; lastKnownFileType = wrapper.framework; name = Bolts.framework; path = "FacebookSDKs-iOS-4/Bolts.framework"; sourceTree = "<group>"; };
		525CB9FD1DAEF39D0050C9D2 /* DocSets */ = {isa = PBXFileReference; lastKnownFileType = folder; name = DocSets; path = "FacebookSDKs-iOS-4/DocSets"; sourceTree = "<group>"; };
		525CB9FE1DAEF39D0050C9D2 /* FacebookSDKStrings.bundle */ = {isa = PBXFileReference; lastKnownFileType = "wrapper.plug-in"; name = FacebookSDKStrings.bundle; path = "FacebookSDKs-iOS-4/FacebookSDKStrings.bundle"; sourceTree = "<group>"; };
		525CB9FF1DAEF39D0050C9D2 /* FBAudienceNetwork.framework */ = {isa = PBXFileReference; lastKnownFileType = wrapper.framework; name = FBAudienceNetwork.framework; path = "FacebookSDKs-iOS-4/FBAudienceNetwork.framework"; sourceTree = "<group>"; };
		525CBA001DAEF39D0050C9D2 /* FBNotifications.framework */ = {isa = PBXFileReference; lastKnownFileType = wrapper.framework; name = FBNotifications.framework; path = "FacebookSDKs-iOS-4/FBNotifications.framework"; sourceTree = "<group>"; };
		525CBA011DAEF39D0050C9D2 /* FBSDKCoreKit.framework */ = {isa = PBXFileReference; lastKnownFileType = wrapper.framework; name = FBSDKCoreKit.framework; path = "FacebookSDKs-iOS-4/FBSDKCoreKit.framework"; sourceTree = "<group>"; };
		525CBA021DAEF39D0050C9D2 /* FBSDKLoginKit.framework */ = {isa = PBXFileReference; lastKnownFileType = wrapper.framework; name = FBSDKLoginKit.framework; path = "FacebookSDKs-iOS-4/FBSDKLoginKit.framework"; sourceTree = "<group>"; };
		525CBA031DAEF39D0050C9D2 /* FBSDKMessengerShareKit.framework */ = {isa = PBXFileReference; lastKnownFileType = wrapper.framework; name = FBSDKMessengerShareKit.framework; path = "FacebookSDKs-iOS-4/FBSDKMessengerShareKit.framework"; sourceTree = "<group>"; };
		525CBA041DAEF39D0050C9D2 /* FBSDKShareKit.framework */ = {isa = PBXFileReference; lastKnownFileType = wrapper.framework; name = FBSDKShareKit.framework; path = "FacebookSDKs-iOS-4/FBSDKShareKit.framework"; sourceTree = "<group>"; };
		525CBA051DAEF39D0050C9D2 /* LICENSE.txt */ = {isa = PBXFileReference; fileEncoding = 4; lastKnownFileType = text; name = LICENSE.txt; path = "FacebookSDKs-iOS-4/LICENSE.txt"; sourceTree = "<group>"; };
		525CBA061DAEF39D0050C9D2 /* README.txt */ = {isa = PBXFileReference; fileEncoding = 4; lastKnownFileType = text; name = README.txt; path = "FacebookSDKs-iOS-4/README.txt"; sourceTree = "<group>"; };
		525CBA071DAEF39D0050C9D2 /* Samples */ = {isa = PBXFileReference; lastKnownFileType = folder; name = Samples; path = "FacebookSDKs-iOS-4/Samples"; sourceTree = "<group>"; };
		529317A51DBFEA72001C99A9 /* SCLAlertView.framework */ = {isa = PBXFileReference; lastKnownFileType = wrapper.framework; name = SCLAlertView.framework; path = "../../../../Library/Developer/Xcode/DerivedData/Libero-gkjgmyjgieaomodiqcmyhfxsetxw/Build/Products/Debug-iphonesimulator/SCLAlertView/SCLAlertView.framework"; sourceTree = "<group>"; };
		52AC8E191DB1A76500A5AA52 /* User.swift */ = {isa = PBXFileReference; fileEncoding = 4; lastKnownFileType = sourcecode.swift; path = User.swift; sourceTree = "<group>"; };
		52AC8E211DB1B29700A5AA52 /* Libero-Bridging-Header.h */ = {isa = PBXFileReference; lastKnownFileType = sourcecode.c.h; path = "Libero-Bridging-Header.h"; sourceTree = "<group>"; };
		52AC8E281DB1B4AA00A5AA52 /* CoreData.framework */ = {isa = PBXFileReference; lastKnownFileType = wrapper.framework; name = CoreData.framework; path = System/Library/Frameworks/CoreData.framework; sourceTree = SDKROOT; };
		52AC8E2A1DB1B58500A5AA52 /* FacebookSDK.framework */ = {isa = PBXFileReference; lastKnownFileType = wrapper.framework; name = FacebookSDK.framework; path = "../../../../Library/Developer/Xcode/DerivedData/Libero-gkjgmyjgieaomodiqcmyhfxsetxw/Build/Products/Debug-iphonesimulator/Facebook-iOS-SDK/FacebookSDK.framework"; sourceTree = "<group>"; };
		52AC8E2B1DB1B58500A5AA52 /* ParseFacebookUtils.framework */ = {isa = PBXFileReference; lastKnownFileType = wrapper.framework; name = ParseFacebookUtils.framework; path = "../../../../Library/Developer/Xcode/DerivedData/Libero-gkjgmyjgieaomodiqcmyhfxsetxw/Build/Products/Debug-iphonesimulator/ParseFacebookUtils/ParseFacebookUtils.framework"; sourceTree = "<group>"; };
		52AC8E2E1DB1B59900A5AA52 /* AdSupport.framework */ = {isa = PBXFileReference; lastKnownFileType = wrapper.framework; name = AdSupport.framework; path = System/Library/Frameworks/AdSupport.framework; sourceTree = SDKROOT; };
		52AC8E301DB1B5A100A5AA52 /* SystemConfiguration.framework */ = {isa = PBXFileReference; lastKnownFileType = wrapper.framework; name = SystemConfiguration.framework; path = System/Library/Frameworks/SystemConfiguration.framework; sourceTree = SDKROOT; };
		52CAE3D51DA183CB00698CEE /* Libero.entitlements */ = {isa = PBXFileReference; lastKnownFileType = text.plist.entitlements; name = Libero.entitlements; path = Libero/Libero.entitlements; sourceTree = "<group>"; };
		52CAE3D61DA183D300698CEE /* HealthKit.framework */ = {isa = PBXFileReference; lastKnownFileType = wrapper.framework; name = HealthKit.framework; path = System/Library/Frameworks/HealthKit.framework; sourceTree = SDKROOT; };
		52D696991DBD378B00E84007 /* GoogleService-Info.plist */ = {isa = PBXFileReference; fileEncoding = 4; lastKnownFileType = text.plist.xml; path = "GoogleService-Info.plist"; sourceTree = "<group>"; };
		52E20C2D1DB40BF3004113E6 /* Workout.swift */ = {isa = PBXFileReference; fileEncoding = 4; lastKnownFileType = sourcecode.swift; path = Workout.swift; sourceTree = "<group>"; };
		52E20C2F1DB40C27004113E6 /* Achievement.swift */ = {isa = PBXFileReference; fileEncoding = 4; lastKnownFileType = sourcecode.swift; path = Achievement.swift; sourceTree = "<group>"; };
		7AD14A07E261327AAC4AFC21 /* Pods-Libero.release.xcconfig */ = {isa = PBXFileReference; includeInIndex = 1; lastKnownFileType = text.xcconfig; name = "Pods-Libero.release.xcconfig"; path = "Pods/Target Support Files/Pods-Libero/Pods-Libero.release.xcconfig"; sourceTree = "<group>"; };
		7C2C299D1DC664D70000C486 /* FriendsViewController.swift */ = {isa = PBXFileReference; fileEncoding = 4; lastKnownFileType = sourcecode.swift; path = FriendsViewController.swift; sourceTree = "<group>"; };
		7CB177431DBD403D00DA09AA /* LoginPageViewController.swift */ = {isa = PBXFileReference; fileEncoding = 4; lastKnownFileType = sourcecode.swift; path = LoginPageViewController.swift; sourceTree = "<group>"; };
		7CC214861DC6610300CFE9D3 /* RegistrationPageViewController.swift */ = {isa = PBXFileReference; fileEncoding = 4; lastKnownFileType = sourcecode.swift; path = RegistrationPageViewController.swift; sourceTree = "<group>"; };
		7CDF75D21DBD28B80060F1AB /* Base */ = {isa = PBXFileReference; lastKnownFileType = file.storyboard; name = Base; path = Base.lproj/Friends.storyboard; sourceTree = "<group>"; };
		7CDF75D41DBD28C60060F1AB /* Profile.storyboard */ = {isa = PBXFileReference; fileEncoding = 4; lastKnownFileType = file.storyboard; path = Profile.storyboard; sourceTree = "<group>"; };
		7CDF75D71DBD29080060F1AB /* Base */ = {isa = PBXFileReference; lastKnownFileType = file.storyboard; name = Base; path = Base.lproj/Workout.storyboard; sourceTree = "<group>"; };
		7CDF75D91DBD291B0060F1AB /* Achievements.storyboard */ = {isa = PBXFileReference; fileEncoding = 4; lastKnownFileType = file.storyboard; path = Achievements.storyboard; sourceTree = "<group>"; };
		7CDF75DC1DBD29350060F1AB /* Base */ = {isa = PBXFileReference; lastKnownFileType = file.storyboard; name = Base; path = Base.lproj/Leaderboard.storyboard; sourceTree = "<group>"; };
		7CDF75DE1DBD31850060F1AB /* Launch Screen.storyboard */ = {isa = PBXFileReference; fileEncoding = 4; lastKnownFileType = file.storyboard; path = "Launch Screen.storyboard"; sourceTree = "<group>"; };
		D702992B2605FE60DDE35031 /* Pods_Libero.framework */ = {isa = PBXFileReference; explicitFileType = wrapper.framework; includeInIndex = 0; path = Pods_Libero.framework; sourceTree = BUILT_PRODUCTS_DIR; };
/* End PBXFileReference section */

/* Begin PBXFrameworksBuildPhase section */
		52268ACF1D9F0C2D0005C759 /* Frameworks */ = {
			isa = PBXFrameworksBuildPhase;
			buildActionMask = 2147483647;
			files = (
				529317A61DBFEA72001C99A9 /* SCLAlertView.framework in Frameworks */,
				52AC8E2C1DB1B58500A5AA52 /* FacebookSDK.framework in Frameworks */,
				52AC8E2D1DB1B58500A5AA52 /* ParseFacebookUtils.framework in Frameworks */,
				525CB9F81DAEF3810050C9D2 /* Bolts.framework in Frameworks */,
				525CB9F91DAEF3810050C9D2 /* Parse.framework in Frameworks */,
				525CBA101DAEF39D0050C9D2 /* FBSDKLoginKit.framework in Frameworks */,
				525CBA081DAEF39D0050C9D2 /* AccountKit.framework in Frameworks */,
				525CBA0A1DAEF39D0050C9D2 /* Bolts.framework in Frameworks */,
				09D17186BD4A47E38F8C39DC /* Pods_Libero.framework in Frameworks */,
				525CBA0D1DAEF39D0050C9D2 /* FBAudienceNetwork.framework in Frameworks */,
				52CAE3D71DA183D300698CEE /* HealthKit.framework in Frameworks */,
				525CBA121DAEF39E0050C9D2 /* FBSDKShareKit.framework in Frameworks */,
				525CBA0F1DAEF39D0050C9D2 /* FBSDKCoreKit.framework in Frameworks */,
				525CBA0E1DAEF39D0050C9D2 /* FBNotifications.framework in Frameworks */,
				525CBA111DAEF39E0050C9D2 /* FBSDKMessengerShareKit.framework in Frameworks */,
			);
			runOnlyForDeploymentPostprocessing = 0;
		};
/* End PBXFrameworksBuildPhase section */

/* Begin PBXGroup section */
		2FC53C7481C866D930DCEB00 /* Frameworks */ = {
			isa = PBXGroup;
			children = (
				529317A51DBFEA72001C99A9 /* SCLAlertView.framework */,
				52CAE3D51DA183CB00698CEE /* Libero.entitlements */,
				52AC8E301DB1B5A100A5AA52 /* SystemConfiguration.framework */,
				52AC8E2E1DB1B59900A5AA52 /* AdSupport.framework */,
				52AC8E2A1DB1B58500A5AA52 /* FacebookSDK.framework */,
				52AC8E2B1DB1B58500A5AA52 /* ParseFacebookUtils.framework */,
				52AC8E281DB1B4AA00A5AA52 /* CoreData.framework */,
				525CB9FA1DAEF39D0050C9D2 /* AccountKit.framework */,
				525CB9FB1DAEF39D0050C9D2 /* AccountKitStrings.bundle */,
				525CB9FC1DAEF39D0050C9D2 /* Bolts.framework */,
				525CB9FD1DAEF39D0050C9D2 /* DocSets */,
				525CB9FE1DAEF39D0050C9D2 /* FacebookSDKStrings.bundle */,
				525CB9FF1DAEF39D0050C9D2 /* FBAudienceNetwork.framework */,
				525CBA001DAEF39D0050C9D2 /* FBNotifications.framework */,
				525CBA011DAEF39D0050C9D2 /* FBSDKCoreKit.framework */,
				525CBA021DAEF39D0050C9D2 /* FBSDKLoginKit.framework */,
				525CBA031DAEF39D0050C9D2 /* FBSDKMessengerShareKit.framework */,
				525CBA041DAEF39D0050C9D2 /* FBSDKShareKit.framework */,
				525CBA051DAEF39D0050C9D2 /* LICENSE.txt */,
				525CBA061DAEF39D0050C9D2 /* README.txt */,
				525CBA071DAEF39D0050C9D2 /* Samples */,
				525CB9F61DAEF3810050C9D2 /* Bolts.framework */,
				525CB9F71DAEF3810050C9D2 /* Parse.framework */,
				52CAE3D61DA183D300698CEE /* HealthKit.framework */,
				D702992B2605FE60DDE35031 /* Pods_Libero.framework */,
			);
			name = Frameworks;
			sourceTree = "<group>";
		};
		52268AC91D9F0C2D0005C759 = {
			isa = PBXGroup;
			children = (
				52AC8E211DB1B29700A5AA52 /* Libero-Bridging-Header.h */,
				52D696991DBD378B00E84007 /* GoogleService-Info.plist */,
				52268AD41D9F0C2D0005C759 /* Libero */,
				52268AD31D9F0C2D0005C759 /* Products */,
				96F1D2FAEFBB10C088EE774C /* Pods */,
				2FC53C7481C866D930DCEB00 /* Frameworks */,
			);
			sourceTree = "<group>";
		};
		52268AD31D9F0C2D0005C759 /* Products */ = {
			isa = PBXGroup;
			children = (
				52268AD21D9F0C2D0005C759 /* Libero.app */,
			);
			name = Products;
			sourceTree = "<group>";
		};
		52268AD41D9F0C2D0005C759 /* Libero */ = {
			isa = PBXGroup;
			children = (
				52268AD51D9F0C2D0005C759 /* AppDelegate.swift */,
				52D696981DBD31A400E84007 /* Classes */,
				52268AD71D9F0C2D0005C759 /* ViewController.swift */,
				52268AD91D9F0C2D0005C759 /* Main.storyboard */,
				7CC214861DC6610300CFE9D3 /* RegistrationPageViewController.swift */,
				7CDF75DE1DBD31850060F1AB /* Launch Screen.storyboard */,
				7CDF75DB1DBD29350060F1AB /* Leaderboard.storyboard */,
				7CDF75D91DBD291B0060F1AB /* Achievements.storyboard */,
				7CDF75D61DBD29080060F1AB /* Workout.storyboard */,
				7CDF75D41DBD28C60060F1AB /* Profile.storyboard */,
				7CDF75D11DBD28B80060F1AB /* Friends.storyboard */,
				7C2C299D1DC664D70000C486 /* FriendsViewController.swift */,
				52268ADC1D9F0C2D0005C759 /* Assets.xcassets */,
				52268AE11D9F0C2D0005C759 /* Info.plist */,
				7CB177431DBD403D00DA09AA /* LoginPageViewController.swift */,
			);
			path = Libero;
			sourceTree = "<group>";
		};
		52AC8E1B1DB1A7B200A5AA52 /* Parse Subclasses */ = {
			isa = PBXGroup;
			children = (
				52AC8E191DB1A76500A5AA52 /* User.swift */,
				52344B2D1DB576F200A4BE22 /* League.swift */,
				52E20C2D1DB40BF3004113E6 /* Workout.swift */,
				52E20C2F1DB40C27004113E6 /* Achievement.swift */,
			);
			name = "Parse Subclasses";
			sourceTree = "<group>";
		};
		52D696981DBD31A400E84007 /* Classes */ = {
			isa = PBXGroup;
			children = (
				52344B2F1DB578F800A4BE22 /* GeneralEnumsAndFuncs.swift */,
				522840341DC14D570062EE55 /* LeaderBoard.swift */,
				522840361DC171220062EE55 /* LocationManager.swift */,
				52AC8E1B1DB1A7B200A5AA52 /* Parse Subclasses */,
			);
			name = Classes;
			sourceTree = "<group>";
		};
		96F1D2FAEFBB10C088EE774C /* Pods */ = {
			isa = PBXGroup;
			children = (
				4AF06CA1D49ACAE8C738F2A7 /* Pods-Libero.debug.xcconfig */,
				7AD14A07E261327AAC4AFC21 /* Pods-Libero.release.xcconfig */,
			);
			name = Pods;
			sourceTree = "<group>";
		};
/* End PBXGroup section */

/* Begin PBXNativeTarget section */
		52268AD11D9F0C2D0005C759 /* Libero */ = {
			isa = PBXNativeTarget;
			buildConfigurationList = 52268AE41D9F0C2D0005C759 /* Build configuration list for PBXNativeTarget "Libero" */;
			buildPhases = (
				8E7D32B06CE7E4CE654E7D90 /* [CP] Check Pods Manifest.lock */,
				52268ACE1D9F0C2D0005C759 /* Sources */,
				52268ACF1D9F0C2D0005C759 /* Frameworks */,
				52268AD01D9F0C2D0005C759 /* Resources */,
				2771226FADED05101AF01FEC /* [CP] Embed Pods Frameworks */,
				93DA999C7044C3E8B46131E3 /* [CP] Copy Pods Resources */,
				52344B311DB57CE300A4BE22 /* ShellScript */,
			);
			buildRules = (
			);
			dependencies = (
			);
			name = Libero;
			productName = Libero;
			productReference = 52268AD21D9F0C2D0005C759 /* Libero.app */;
			productType = "com.apple.product-type.application";
		};
/* End PBXNativeTarget section */

/* Begin PBXProject section */
		52268ACA1D9F0C2D0005C759 /* Project object */ = {
			isa = PBXProject;
			attributes = {
				LastSwiftUpdateCheck = 0800;
				LastUpgradeCheck = 0800;
				ORGANIZATIONNAME = "DALI Lab";
				TargetAttributes = {
					52268AD11D9F0C2D0005C759 = {
						CreatedOnToolsVersion = 8.0;
						DevelopmentTeam = 94P93XVBFP;
						LastSwiftMigration = 0800;
						ProvisioningStyle = Automatic;
						SystemCapabilities = {
							com.apple.HealthKit = {
								enabled = 1;
							};
							com.apple.Push = {
								enabled = 1;
							};
						};
					};
				};
			};
			buildConfigurationList = 52268ACD1D9F0C2D0005C759 /* Build configuration list for PBXProject "Libero" */;
			compatibilityVersion = "Xcode 3.2";
			developmentRegion = English;
			hasScannedForEncodings = 0;
			knownRegions = (
				en,
				Base,
			);
			mainGroup = 52268AC91D9F0C2D0005C759;
			productRefGroup = 52268AD31D9F0C2D0005C759 /* Products */;
			projectDirPath = "";
			projectRoot = "";
			targets = (
				52268AD11D9F0C2D0005C759 /* Libero */,
			);
		};
/* End PBXProject section */

/* Begin PBXResourcesBuildPhase section */
		52268AD01D9F0C2D0005C759 /* Resources */ = {
			isa = PBXResourcesBuildPhase;
			buildActionMask = 2147483647;
			files = (
				525CBA151DAEF39E0050C9D2 /* Samples in Resources */,
				7CDF75D51DBD28C60060F1AB /* Profile.storyboard in Resources */,
				52D6969A1DBD378B00E84007 /* GoogleService-Info.plist in Resources */,
				7CDF75DD1DBD29350060F1AB /* Leaderboard.storyboard in Resources */,
				7CDF75DF1DBD31850060F1AB /* Launch Screen.storyboard in Resources */,
				525CBA0B1DAEF39D0050C9D2 /* DocSets in Resources */,
				525CBA141DAEF39E0050C9D2 /* README.txt in Resources */,
				7CDF75D81DBD29080060F1AB /* Workout.storyboard in Resources */,
				525CBA0C1DAEF39D0050C9D2 /* FacebookSDKStrings.bundle in Resources */,
				52268ADD1D9F0C2D0005C759 /* Assets.xcassets in Resources */,
				7CDF75DA1DBD291B0060F1AB /* Achievements.storyboard in Resources */,
				525CBA131DAEF39E0050C9D2 /* LICENSE.txt in Resources */,
				7CDF75D31DBD28B80060F1AB /* Friends.storyboard in Resources */,
				525CBA091DAEF39D0050C9D2 /* AccountKitStrings.bundle in Resources */,
				52268ADB1D9F0C2D0005C759 /* Main.storyboard in Resources */,
			);
			runOnlyForDeploymentPostprocessing = 0;
		};
/* End PBXResourcesBuildPhase section */

/* Begin PBXShellScriptBuildPhase section */
		2771226FADED05101AF01FEC /* [CP] Embed Pods Frameworks */ = {
			isa = PBXShellScriptBuildPhase;
			buildActionMask = 2147483647;
			files = (
			);
			inputPaths = (
			);
			name = "[CP] Embed Pods Frameworks";
			outputPaths = (
			);
			runOnlyForDeploymentPostprocessing = 0;
			shellPath = /bin/sh;
			shellScript = "\"${SRCROOT}/Pods/Target Support Files/Pods-Libero/Pods-Libero-frameworks.sh\"\n";
			showEnvVarsInLog = 0;
		};
		52344B311DB57CE300A4BE22 /* ShellScript */ = {
			isa = PBXShellScriptBuildPhase;
			buildActionMask = 2147483647;
			files = (
			);
			inputPaths = (
			);
			outputPaths = (
			);
			runOnlyForDeploymentPostprocessing = 0;
			shellPath = /bin/sh;
			shellScript = "KEYWORDS=\"TODO|FIXME|\\?\\?\\?:|\\!\\!\\!:\"\nfind \"${SRCROOT}\" \\( -name \"*.swift\" \\) -print0 | \\\nxargs -0 egrep --with-filename --line-number --only-matching \"($KEYWORDS).*\\$\" | \\\nperl -p -e \"s/($KEYWORDS)/ warning: \\$1/\"";
		};
		8E7D32B06CE7E4CE654E7D90 /* [CP] Check Pods Manifest.lock */ = {
			isa = PBXShellScriptBuildPhase;
			buildActionMask = 2147483647;
			files = (
			);
			inputPaths = (
			);
			name = "[CP] Check Pods Manifest.lock";
			outputPaths = (
			);
			runOnlyForDeploymentPostprocessing = 0;
			shellPath = /bin/sh;
			shellScript = "diff \"${PODS_ROOT}/../Podfile.lock\" \"${PODS_ROOT}/Manifest.lock\" > /dev/null\nif [[ $? != 0 ]] ; then\n    cat << EOM\nerror: The sandbox is not in sync with the Podfile.lock. Run 'pod install' or update your CocoaPods installation.\nEOM\n    exit 1\nfi\n";
			showEnvVarsInLog = 0;
		};
		93DA999C7044C3E8B46131E3 /* [CP] Copy Pods Resources */ = {
			isa = PBXShellScriptBuildPhase;
			buildActionMask = 2147483647;
			files = (
			);
			inputPaths = (
			);
			name = "[CP] Copy Pods Resources";
			outputPaths = (
			);
			runOnlyForDeploymentPostprocessing = 0;
			shellPath = /bin/sh;
			shellScript = "\"${SRCROOT}/Pods/Target Support Files/Pods-Libero/Pods-Libero-resources.sh\"\n";
			showEnvVarsInLog = 0;
		};
/* End PBXShellScriptBuildPhase section */

/* Begin PBXSourcesBuildPhase section */
		52268ACE1D9F0C2D0005C759 /* Sources */ = {
			isa = PBXSourcesBuildPhase;
			buildActionMask = 2147483647;
			files = (
				52344B2E1DB576F200A4BE22 /* League.swift in Sources */,
				522840351DC14D570062EE55 /* LeaderBoard.swift in Sources */,
				52268AD81D9F0C2D0005C759 /* ViewController.swift in Sources */,
				7CC214871DC6610300CFE9D3 /* RegistrationPageViewController.swift in Sources */,
				52268AD61D9F0C2D0005C759 /* AppDelegate.swift in Sources */,
				52AC8E1A1DB1A76500A5AA52 /* User.swift in Sources */,
				52344B301DB578F800A4BE22 /* GeneralEnumsAndFuncs.swift in Sources */,
				7C2C299E1DC664D70000C486 /* FriendsViewController.swift in Sources */,
				7CB177441DBD403D00DA09AA /* LoginPageViewController.swift in Sources */,
				52E20C2E1DB40BF3004113E6 /* Workout.swift in Sources */,
				52E20C301DB40C27004113E6 /* Achievement.swift in Sources */,
				522840371DC171220062EE55 /* LocationManager.swift in Sources */,
			);
			runOnlyForDeploymentPostprocessing = 0;
		};
/* End PBXSourcesBuildPhase section */

/* Begin PBXVariantGroup section */
		52268AD91D9F0C2D0005C759 /* Main.storyboard */ = {
			isa = PBXVariantGroup;
			children = (
				52268ADA1D9F0C2D0005C759 /* Base */,
			);
			name = Main.storyboard;
			sourceTree = "<group>";
		};
		7CDF75D11DBD28B80060F1AB /* Friends.storyboard */ = {
			isa = PBXVariantGroup;
			children = (
				7CDF75D21DBD28B80060F1AB /* Base */,
			);
			name = Friends.storyboard;
			sourceTree = "<group>";
		};
		7CDF75D61DBD29080060F1AB /* Workout.storyboard */ = {
			isa = PBXVariantGroup;
			children = (
				7CDF75D71DBD29080060F1AB /* Base */,
			);
			name = Workout.storyboard;
			sourceTree = "<group>";
		};
		7CDF75DB1DBD29350060F1AB /* Leaderboard.storyboard */ = {
			isa = PBXVariantGroup;
			children = (
				7CDF75DC1DBD29350060F1AB /* Base */,
			);
			name = Leaderboard.storyboard;
			sourceTree = "<group>";
		};
/* End PBXVariantGroup section */

/* Begin XCBuildConfiguration section */
		52268AE21D9F0C2D0005C759 /* Debug */ = {
			isa = XCBuildConfiguration;
			buildSettings = {
				ALWAYS_SEARCH_USER_PATHS = NO;
				CLANG_ANALYZER_NONNULL = YES;
				CLANG_CXX_LANGUAGE_STANDARD = "gnu++0x";
				CLANG_CXX_LIBRARY = "libc++";
				CLANG_ENABLE_MODULES = YES;
				CLANG_ENABLE_OBJC_ARC = YES;
				CLANG_WARN_BOOL_CONVERSION = YES;
				CLANG_WARN_CONSTANT_CONVERSION = YES;
				CLANG_WARN_DIRECT_OBJC_ISA_USAGE = YES_ERROR;
				CLANG_WARN_DOCUMENTATION_COMMENTS = YES;
				CLANG_WARN_EMPTY_BODY = YES;
				CLANG_WARN_ENUM_CONVERSION = YES;
				CLANG_WARN_INFINITE_RECURSION = YES;
				CLANG_WARN_INT_CONVERSION = YES;
				CLANG_WARN_OBJC_ROOT_CLASS = YES_ERROR;
				CLANG_WARN_SUSPICIOUS_MOVE = YES;
				CLANG_WARN_SUSPICIOUS_MOVES = YES;
				CLANG_WARN_UNREACHABLE_CODE = YES;
				CLANG_WARN__DUPLICATE_METHOD_MATCH = YES;
				"CODE_SIGN_IDENTITY[sdk=iphoneos*]" = "iPhone Developer";
				COPY_PHASE_STRIP = NO;
				DEBUG_INFORMATION_FORMAT = dwarf;
				ENABLE_STRICT_OBJC_MSGSEND = YES;
				ENABLE_TESTABILITY = YES;
				GCC_C_LANGUAGE_STANDARD = gnu99;
				GCC_DYNAMIC_NO_PIC = NO;
				GCC_NO_COMMON_BLOCKS = YES;
				GCC_OPTIMIZATION_LEVEL = 0;
				GCC_PREPROCESSOR_DEFINITIONS = (
					"DEBUG=1",
					"$(inherited)",
				);
				GCC_WARN_64_TO_32_BIT_CONVERSION = YES;
				GCC_WARN_ABOUT_RETURN_TYPE = YES_ERROR;
				GCC_WARN_UNDECLARED_SELECTOR = YES;
				GCC_WARN_UNINITIALIZED_AUTOS = YES_AGGRESSIVE;
				GCC_WARN_UNUSED_FUNCTION = YES;
				GCC_WARN_UNUSED_VARIABLE = YES;
				IPHONEOS_DEPLOYMENT_TARGET = 10.0;
				MTL_ENABLE_DEBUG_INFO = YES;
				ONLY_ACTIVE_ARCH = YES;
				SDKROOT = iphoneos;
				SWIFT_ACTIVE_COMPILATION_CONDITIONS = DEBUG;
				SWIFT_OPTIMIZATION_LEVEL = "-Onone";
			};
			name = Debug;
		};
		52268AE31D9F0C2D0005C759 /* Release */ = {
			isa = XCBuildConfiguration;
			buildSettings = {
				ALWAYS_SEARCH_USER_PATHS = NO;
				CLANG_ANALYZER_NONNULL = YES;
				CLANG_CXX_LANGUAGE_STANDARD = "gnu++0x";
				CLANG_CXX_LIBRARY = "libc++";
				CLANG_ENABLE_MODULES = YES;
				CLANG_ENABLE_OBJC_ARC = YES;
				CLANG_WARN_BOOL_CONVERSION = YES;
				CLANG_WARN_CONSTANT_CONVERSION = YES;
				CLANG_WARN_DIRECT_OBJC_ISA_USAGE = YES_ERROR;
				CLANG_WARN_DOCUMENTATION_COMMENTS = YES;
				CLANG_WARN_EMPTY_BODY = YES;
				CLANG_WARN_ENUM_CONVERSION = YES;
				CLANG_WARN_INFINITE_RECURSION = YES;
				CLANG_WARN_INT_CONVERSION = YES;
				CLANG_WARN_OBJC_ROOT_CLASS = YES_ERROR;
				CLANG_WARN_SUSPICIOUS_MOVE = YES;
				CLANG_WARN_SUSPICIOUS_MOVES = YES;
				CLANG_WARN_UNREACHABLE_CODE = YES;
				CLANG_WARN__DUPLICATE_METHOD_MATCH = YES;
				"CODE_SIGN_IDENTITY[sdk=iphoneos*]" = "iPhone Developer";
				COPY_PHASE_STRIP = NO;
				DEBUG_INFORMATION_FORMAT = "dwarf-with-dsym";
				ENABLE_NS_ASSERTIONS = NO;
				ENABLE_STRICT_OBJC_MSGSEND = YES;
				GCC_C_LANGUAGE_STANDARD = gnu99;
				GCC_NO_COMMON_BLOCKS = YES;
				GCC_WARN_64_TO_32_BIT_CONVERSION = YES;
				GCC_WARN_ABOUT_RETURN_TYPE = YES_ERROR;
				GCC_WARN_UNDECLARED_SELECTOR = YES;
				GCC_WARN_UNINITIALIZED_AUTOS = YES_AGGRESSIVE;
				GCC_WARN_UNUSED_FUNCTION = YES;
				GCC_WARN_UNUSED_VARIABLE = YES;
				IPHONEOS_DEPLOYMENT_TARGET = 10.0;
				MTL_ENABLE_DEBUG_INFO = NO;
				SDKROOT = iphoneos;
				SWIFT_OPTIMIZATION_LEVEL = "-Owholemodule";
				VALIDATE_PRODUCT = YES;
			};
			name = Release;
		};
		52268AE51D9F0C2D0005C759 /* Debug */ = {
			isa = XCBuildConfiguration;
			baseConfigurationReference = 4AF06CA1D49ACAE8C738F2A7 /* Pods-Libero.debug.xcconfig */;
			buildSettings = {
				ALWAYS_EMBED_SWIFT_STANDARD_LIBRARIES = YES;
				ASSETCATALOG_COMPILER_APPICON_NAME = AppIcon;
				CLANG_ENABLE_MODULES = YES;
				CODE_SIGN_ENTITLEMENTS = Libero/Libero.entitlements;
				DEVELOPMENT_TEAM = 94P93XVBFP;
				FRAMEWORK_SEARCH_PATHS = (
					"$(inherited)",
					"$(PROJECT_DIR)/FacebookSDKs-iOS-4",
				);
				INFOPLIST_FILE = Libero/Info.plist;
				LD_RUNPATH_SEARCH_PATHS = "$(inherited) @executable_path/Frameworks";
				PRODUCT_BUNDLE_IDENTIFIER = com.DALI.Libero;
				PRODUCT_NAME = "$(TARGET_NAME)";
				SWIFT_OBJC_BRIDGING_HEADER = "Libero-Bridging-Header.h";
				SWIFT_OPTIMIZATION_LEVEL = "-Onone";
				SWIFT_VERSION = 3.0;
			};
			name = Debug;
		};
		52268AE61D9F0C2D0005C759 /* Release */ = {
			isa = XCBuildConfiguration;
			baseConfigurationReference = 7AD14A07E261327AAC4AFC21 /* Pods-Libero.release.xcconfig */;
			buildSettings = {
				ALWAYS_EMBED_SWIFT_STANDARD_LIBRARIES = YES;
				ASSETCATALOG_COMPILER_APPICON_NAME = AppIcon;
				CLANG_ENABLE_MODULES = YES;
				CODE_SIGN_ENTITLEMENTS = Libero/Libero.entitlements;
				DEVELOPMENT_TEAM = 94P93XVBFP;
				FRAMEWORK_SEARCH_PATHS = (
					"$(inherited)",
					"$(PROJECT_DIR)/FacebookSDKs-iOS-4",
				);
				INFOPLIST_FILE = Libero/Info.plist;
				LD_RUNPATH_SEARCH_PATHS = "$(inherited) @executable_path/Frameworks";
				PRODUCT_BUNDLE_IDENTIFIER = com.DALI.Libero;
				PRODUCT_NAME = "$(TARGET_NAME)";
				SWIFT_OBJC_BRIDGING_HEADER = "Libero-Bridging-Header.h";
				SWIFT_VERSION = 3.0;
			};
			name = Release;
		};
/* End XCBuildConfiguration section */

/* Begin XCConfigurationList section */
		52268ACD1D9F0C2D0005C759 /* Build configuration list for PBXProject "Libero" */ = {
			isa = XCConfigurationList;
			buildConfigurations = (
				52268AE21D9F0C2D0005C759 /* Debug */,
				52268AE31D9F0C2D0005C759 /* Release */,
			);
			defaultConfigurationIsVisible = 0;
			defaultConfigurationName = Release;
		};
		52268AE41D9F0C2D0005C759 /* Build configuration list for PBXNativeTarget "Libero" */ = {
			isa = XCConfigurationList;
			buildConfigurations = (
				52268AE51D9F0C2D0005C759 /* Debug */,
				52268AE61D9F0C2D0005C759 /* Release */,
			);
			defaultConfigurationIsVisible = 0;
			defaultConfigurationName = Release;
		};
/* End XCConfigurationList section */
	};
	rootObject = 52268ACA1D9F0C2D0005C759 /* Project object */;
}
