// !$*UTF8*$!
{
	archiveVersion = 1;
	classes = {
	};
	objectVersion = 46;
	objects = {

/* Begin PBXBuildFile section */
		7CE69AB41DB33D6B00CB9976 /* AppDelegate.swift in Sources */ = {isa = PBXBuildFile; fileRef = 7CE69AB31DB33D6B00CB9976 /* AppDelegate.swift */; };
		7CE69AB61DB33D6B00CB9976 /* ViewController.swift in Sources */ = {isa = PBXBuildFile; fileRef = 7CE69AB51DB33D6B00CB9976 /* ViewController.swift */; };
		7CE69AB91DB33D6B00CB9976 /* Main.storyboard in Resources */ = {isa = PBXBuildFile; fileRef = 7CE69AB71DB33D6B00CB9976 /* Main.storyboard */; };
		7CE69ABB1DB33D6B00CB9976 /* Assets.xcassets in Resources */ = {isa = PBXBuildFile; fileRef = 7CE69ABA1DB33D6B00CB9976 /* Assets.xcassets */; };
		7CE69ABE1DB33D6B00CB9976 /* LaunchScreen.storyboard in Resources */ = {isa = PBXBuildFile; fileRef = 7CE69ABC1DB33D6B00CB9976 /* LaunchScreen.storyboard */; };
/* End PBXBuildFile section */

/* Begin PBXFileReference section */
		7CE69AB01DB33D6B00CB9976 /* LiberoTabs2.app */ = {isa = PBXFileReference; explicitFileType = wrapper.application; includeInIndex = 0; path = LiberoTabs2.app; sourceTree = BUILT_PRODUCTS_DIR; };
		7CE69AB31DB33D6B00CB9976 /* AppDelegate.swift */ = {isa = PBXFileReference; lastKnownFileType = sourcecode.swift; path = AppDelegate.swift; sourceTree = "<group>"; };
		7CE69AB51DB33D6B00CB9976 /* ViewController.swift */ = {isa = PBXFileReference; lastKnownFileType = sourcecode.swift; path = ViewController.swift; sourceTree = "<group>"; };
		7CE69AB81DB33D6B00CB9976 /* Base */ = {isa = PBXFileReference; lastKnownFileType = file.storyboard; name = Base; path = Base.lproj/Main.storyboard; sourceTree = "<group>"; };
		7CE69ABA1DB33D6B00CB9976 /* Assets.xcassets */ = {isa = PBXFileReference; lastKnownFileType = folder.assetcatalog; path = Assets.xcassets; sourceTree = "<group>"; };
		7CE69ABD1DB33D6B00CB9976 /* Base */ = {isa = PBXFileReference; lastKnownFileType = file.storyboard; name = Base; path = Base.lproj/LaunchScreen.storyboard; sourceTree = "<group>"; };
		7CE69ABF1DB33D6B00CB9976 /* Info.plist */ = {isa = PBXFileReference; lastKnownFileType = text.plist.xml; path = Info.plist; sourceTree = "<group>"; };
/* End PBXFileReference section */

/* Begin PBXFrameworksBuildPhase section */
		7CE69AAD1DB33D6B00CB9976 /* Frameworks */ = {
			isa = PBXFrameworksBuildPhase;
			buildActionMask = 2147483647;
			files = (
			);
			runOnlyForDeploymentPostprocessing = 0;
		};
/* End PBXFrameworksBuildPhase section */

/* Begin PBXGroup section */
		7CE69AA71DB33D6B00CB9976 = {
			isa = PBXGroup;
			children = (
				7CE69AB21DB33D6B00CB9976 /* LiberoTabs2 */,
				7CE69AB11DB33D6B00CB9976 /* Products */,
			);
			sourceTree = "<group>";
		};
		7CE69AB11DB33D6B00CB9976 /* Products */ = {
			isa = PBXGroup;
			children = (
				7CE69AB01DB33D6B00CB9976 /* LiberoTabs2.app */,
			);
			name = Products;
			sourceTree = "<group>";
		};
		7CE69AB21DB33D6B00CB9976 /* LiberoTabs2 */ = {
			isa = PBXGroup;
			children = (
				7CE69AB31DB33D6B00CB9976 /* AppDelegate.swift */,
				7CE69AB51DB33D6B00CB9976 /* ViewController.swift */,
				7CE69AB71DB33D6B00CB9976 /* Main.storyboard */,
				7CE69ABA1DB33D6B00CB9976 /* Assets.xcassets */,
				7CE69ABC1DB33D6B00CB9976 /* LaunchScreen.storyboard */,
				7CE69ABF1DB33D6B00CB9976 /* Info.plist */,
			);
			path = LiberoTabs2;
			sourceTree = "<group>";
		};
/* End PBXGroup section */

/* Begin PBXNativeTarget section */
		7CE69AAF1DB33D6B00CB9976 /* LiberoTabs2 */ = {
			isa = PBXNativeTarget;
			buildConfigurationList = 7CE69AC21DB33D6B00CB9976 /* Build configuration list for PBXNativeTarget "LiberoTabs2" */;
			buildPhases = (
				7CE69AAC1DB33D6B00CB9976 /* Sources */,
				7CE69AAD1DB33D6B00CB9976 /* Frameworks */,
				7CE69AAE1DB33D6B00CB9976 /* Resources */,
			);
			buildRules = (
			);
			dependencies = (
			);
			name = LiberoTabs2;
			productName = LiberoTabs2;
			productReference = 7CE69AB01DB33D6B00CB9976 /* LiberoTabs2.app */;
			productType = "com.apple.product-type.application";
		};
/* End PBXNativeTarget section */

/* Begin PBXProject section */
		7CE69AA81DB33D6B00CB9976 /* Project object */ = {
			isa = PBXProject;
			attributes = {
				LastSwiftUpdateCheck = 0800;
				LastUpgradeCheck = 0800;
				ORGANIZATIONNAME = NitashaK;
				TargetAttributes = {
					7CE69AAF1DB33D6B00CB9976 = {
						CreatedOnToolsVersion = 8.0;
						ProvisioningStyle = Automatic;
					};
				};
			};
			buildConfigurationList = 7CE69AAB1DB33D6B00CB9976 /* Build configuration list for PBXProject "LiberoTabs2" */;
			compatibilityVersion = "Xcode 3.2";
			developmentRegion = English;
			hasScannedForEncodings = 0;
			knownRegions = (
				en,
				Base,
			);
			mainGroup = 7CE69AA71DB33D6B00CB9976;
			productRefGroup = 7CE69AB11DB33D6B00CB9976 /* Products */;
			projectDirPath = "";
			projectRoot = "";
			targets = (
				7CE69AAF1DB33D6B00CB9976 /* LiberoTabs2 */,
			);
		};
/* End PBXProject section */

/* Begin PBXResourcesBuildPhase section */
		7CE69AAE1DB33D6B00CB9976 /* Resources */ = {
			isa = PBXResourcesBuildPhase;
			buildActionMask = 2147483647;
			files = (
				7CE69ABE1DB33D6B00CB9976 /* LaunchScreen.storyboard in Resources */,
				7CE69ABB1DB33D6B00CB9976 /* Assets.xcassets in Resources */,
				7CE69AB91DB33D6B00CB9976 /* Main.storyboard in Resources */,
			);
			runOnlyForDeploymentPostprocessing = 0;
		};
/* End PBXResourcesBuildPhase section */

/* Begin PBXSourcesBuildPhase section */
		7CE69AAC1DB33D6B00CB9976 /* Sources */ = {
			isa = PBXSourcesBuildPhase;
			buildActionMask = 2147483647;
			files = (
				7CE69AB61DB33D6B00CB9976 /* ViewController.swift in Sources */,
				7CE69AB41DB33D6B00CB9976 /* AppDelegate.swift in Sources */,
			);
			runOnlyForDeploymentPostprocessing = 0;
		};
/* End PBXSourcesBuildPhase section */

/* Begin PBXVariantGroup section */
		7CE69AB71DB33D6B00CB9976 /* Main.storyboard */ = {
			isa = PBXVariantGroup;
			children = (
				7CE69AB81DB33D6B00CB9976 /* Base */,
			);
			name = Main.storyboard;
			sourceTree = "<group>";
		};
		7CE69ABC1DB33D6B00CB9976 /* LaunchScreen.storyboard */ = {
			isa = PBXVariantGroup;
			children = (
				7CE69ABD1DB33D6B00CB9976 /* Base */,
			);
			name = LaunchScreen.storyboard;
			sourceTree = "<group>";
		};
/* End PBXVariantGroup section */

/* Begin XCBuildConfiguration section */
		7CE69AC01DB33D6B00CB9976 /* Debug */ = {
			isa = XCBuildConfiguration;
			buildSettings = {
				ALWAYS_SEARCH_USER_PATHS = NO;
				CLANG_ANALYZER_NONNULL = YES;
				CLANG_CXX_LANGUAGE_STANDARD = "gnu++0x";
				CLANG_CXX_LIBRARY = "libc++";
				CLANG_ENABLE_MODULES = YES;
				CLANG_ENABLE_OBJC_ARC = YES;
				CLANG_WARN_BOOL_CONVERSION = YES;
				CLANG_WARN_CONSTANT_CONVERSION = YES;
				CLANG_WARN_DIRECT_OBJC_ISA_USAGE = YES_ERROR;
				CLANG_WARN_DOCUMENTATION_COMMENTS = YES;
				CLANG_WARN_EMPTY_BODY = YES;
				CLANG_WARN_ENUM_CONVERSION = YES;
				CLANG_WARN_INFINITE_RECURSION = YES;
				CLANG_WARN_INT_CONVERSION = YES;
				CLANG_WARN_OBJC_ROOT_CLASS = YES_ERROR;
				CLANG_WARN_SUSPICIOUS_MOVES = YES;
				CLANG_WARN_UNREACHABLE_CODE = YES;
				CLANG_WARN__DUPLICATE_METHOD_MATCH = YES;
				"CODE_SIGN_IDENTITY[sdk=iphoneos*]" = "iPhone Developer";
				COPY_PHASE_STRIP = NO;
				DEBUG_INFORMATION_FORMAT = dwarf;
				ENABLE_STRICT_OBJC_MSGSEND = YES;
				ENABLE_TESTABILITY = YES;
				GCC_C_LANGUAGE_STANDARD = gnu99;
				GCC_DYNAMIC_NO_PIC = NO;
				GCC_NO_COMMON_BLOCKS = YES;
				GCC_OPTIMIZATION_LEVEL = 0;
				GCC_PREPROCESSOR_DEFINITIONS = (
					"DEBUG=1",
					"$(inherited)",
				);
				GCC_WARN_64_TO_32_BIT_CONVERSION = YES;
				GCC_WARN_ABOUT_RETURN_TYPE = YES_ERROR;
				GCC_WARN_UNDECLARED_SELECTOR = YES;
				GCC_WARN_UNINITIALIZED_AUTOS = YES_AGGRESSIVE;
				GCC_WARN_UNUSED_FUNCTION = YES;
				GCC_WARN_UNUSED_VARIABLE = YES;
				IPHONEOS_DEPLOYMENT_TARGET = 10.0;
				MTL_ENABLE_DEBUG_INFO = YES;
				ONLY_ACTIVE_ARCH = YES;
				SDKROOT = iphoneos;
				SWIFT_ACTIVE_COMPILATION_CONDITIONS = DEBUG;
				SWIFT_OPTIMIZATION_LEVEL = "-Onone";
			};
			name = Debug;
		};
		7CE69AC11DB33D6B00CB9976 /* Release */ = {
			isa = XCBuildConfiguration;
			buildSettings = {
				ALWAYS_SEARCH_USER_PATHS = NO;
				CLANG_ANALYZER_NONNULL = YES;
				CLANG_CXX_LANGUAGE_STANDARD = "gnu++0x";
				CLANG_CXX_LIBRARY = "libc++";
				CLANG_ENABLE_MODULES = YES;
				CLANG_ENABLE_OBJC_ARC = YES;
				CLANG_WARN_BOOL_CONVERSION = YES;
				CLANG_WARN_CONSTANT_CONVERSION = YES;
				CLANG_WARN_DIRECT_OBJC_ISA_USAGE = YES_ERROR;
				CLANG_WARN_DOCUMENTATION_COMMENTS = YES;
				CLANG_WARN_EMPTY_BODY = YES;
				CLANG_WARN_ENUM_CONVERSION = YES;
				CLANG_WARN_INFINITE_RECURSION = YES;
				CLANG_WARN_INT_CONVERSION = YES;
				CLANG_WARN_OBJC_ROOT_CLASS = YES_ERROR;
				CLANG_WARN_SUSPICIOUS_MOVES = YES;
				CLANG_WARN_UNREACHABLE_CODE = YES;
				CLANG_WARN__DUPLICATE_METHOD_MATCH = YES;
				"CODE_SIGN_IDENTITY[sdk=iphoneos*]" = "iPhone Developer";
				COPY_PHASE_STRIP = NO;
				DEBUG_INFORMATION_FORMAT = "dwarf-with-dsym";
				ENABLE_NS_ASSERTIONS = NO;
				ENABLE_STRICT_OBJC_MSGSEND = YES;
				GCC_C_LANGUAGE_STANDARD = gnu99;
				GCC_NO_COMMON_BLOCKS = YES;
				GCC_WARN_64_TO_32_BIT_CONVERSION = YES;
				GCC_WARN_ABOUT_RETURN_TYPE = YES_ERROR;
				GCC_WARN_UNDECLARED_SELECTOR = YES;
				GCC_WARN_UNINITIALIZED_AUTOS = YES_AGGRESSIVE;
				GCC_WARN_UNUSED_FUNCTION = YES;
				GCC_WARN_UNUSED_VARIABLE = YES;
				IPHONEOS_DEPLOYMENT_TARGET = 10.0;
				MTL_ENABLE_DEBUG_INFO = NO;
				SDKROOT = iphoneos;
				SWIFT_OPTIMIZATION_LEVEL = "-Owholemodule";
				VALIDATE_PRODUCT = YES;
			};
			name = Release;
		};
		7CE69AC31DB33D6B00CB9976 /* Debug */ = {
			isa = XCBuildConfiguration;
			buildSettings = {
				ASSETCATALOG_COMPILER_APPICON_NAME = AppIcon;
				INFOPLIST_FILE = LiberoTabs2/Info.plist;
				LD_RUNPATH_SEARCH_PATHS = "$(inherited) @executable_path/Frameworks";
				PRODUCT_BUNDLE_IDENTIFIER = NitashaK.LiberoTabs2;
				PRODUCT_NAME = "$(TARGET_NAME)";
				SWIFT_VERSION = 3.0;
			};
			name = Debug;
		};
		7CE69AC41DB33D6B00CB9976 /* Release */ = {
			isa = XCBuildConfiguration;
			buildSettings = {
				ASSETCATALOG_COMPILER_APPICON_NAME = AppIcon;
				INFOPLIST_FILE = LiberoTabs2/Info.plist;
				LD_RUNPATH_SEARCH_PATHS = "$(inherited) @executable_path/Frameworks";
				PRODUCT_BUNDLE_IDENTIFIER = NitashaK.LiberoTabs2;
				PRODUCT_NAME = "$(TARGET_NAME)";
				SWIFT_VERSION = 3.0;
			};
			name = Release;
		};
/* End XCBuildConfiguration section */

/* Begin XCConfigurationList section */
		7CE69AAB1DB33D6B00CB9976 /* Build configuration list for PBXProject "LiberoTabs2" */ = {
			isa = XCConfigurationList;
			buildConfigurations = (
				7CE69AC01DB33D6B00CB9976 /* Debug */,
				7CE69AC11DB33D6B00CB9976 /* Release */,
			);
			defaultConfigurationIsVisible = 0;
			defaultConfigurationName = Release;
		};
		7CE69AC21DB33D6B00CB9976 /* Build configuration list for PBXNativeTarget "LiberoTabs2" */ = {
			isa = XCConfigurationList;
			buildConfigurations = (
				7CE69AC31DB33D6B00CB9976 /* Debug */,
				7CE69AC41DB33D6B00CB9976 /* Release */,
			);
			defaultConfigurationIsVisible = 0;
		};
/* End XCConfigurationList section */
	};
	rootObject = 7CE69AA81DB33D6B00CB9976 /* Project object */;
}
